
Microsoft Visual Studio Solution File, Format Version 12.00
# Visual Studio Version 16
VisualStudioVersion = 16.0.29424.173
MinimumVisualStudioVersion = 10.0.40219.1
Project("{9A19103F-16F7-4668-BE54-9A1E7A4F7556}") = "TestAPI", "TestAPI.csproj", "{44C21DA6-B4F4-422A-815A-FA8EA8823110}"
EndProject
Project("{2150E333-8FDC-42A3-9474-1A3956D46DE8}") = "Solution Items", "Solution Items", "{152C42BD-2429-4738-A069-034E9FD0456A}"
	ProjectSection(SolutionItems) = preProject
		.editorconfig = .editorconfig
	EndProjectSection
EndProject
Global
	GlobalSection(SolutionConfigurationPlatforms) = preSolution
		Debug|Any CPU = Debug|Any CPU
		Release|Any CPU = Release|Any CPU
	EndGlobalSection
	GlobalSection(ProjectConfigurationPlatforms) = postSolution
		{44C21DA6-B4F4-422A-815A-FA8EA8823110}.Debug|Any CPU.ActiveCfg = Debug|Any CPU
		{44C21DA6-B4F4-422A-815A-FA8EA8823110}.Debug|Any CPU.Build.0 = Debug|Any CPU
		{44C21DA6-B4F4-422A-815A-FA8EA8823110}.Release|Any CPU.ActiveCfg = Release|Any CPU
		{44C21DA6-B4F4-422A-815A-FA8EA8823110}.Release|Any CPU.Build.0 = Release|Any CPU
	EndGlobalSection
	GlobalSection(SolutionProperties) = preSolution
		HideSolutionNode = FALSE
	EndGlobalSection
	GlobalSection(ExtensibilityGlobals) = postSolution
		SolutionGuid = {A7BFEC29-0BF3-483E-8A46-170529CA6E79}
	EndGlobalSection
EndGlobal
